{
  "name": "tiny-codes",
  "version": "1.0.0",
  "lockfileVersion": 1,
  "requires": true,
  "dependencies": {
    "@types/multiparty": {
      "version": "0.0.32",
      "resolved": "http://registry.npm.souche-inc.com/@types/multiparty/download/@types/multiparty-0.0.32.tgz",
      "integrity": "sha1-mSJt9gUNrmBfpvlInWwLWrYf3AA=",
      "dev": true,
      "requires": {
        "@types/node": "*"
      }
    },
    "@types/node": {
      "version": "15.3.0",
      "resolved": "http://registry.npm.souche-inc.com/@types/node/download/@types/node-15.3.0.tgz",
      "integrity": "sha1-1v7X1rxoVDBto96hr5+HSwB4PiY=",
      "dev": true
    },
    "depd": {
      "version": "1.1.2",
      "resolved": "http://registry.npm.souche-inc.com/depd/download/depd-1.1.2.tgz",
      "integrity": "sha1-m81S4UwJd2PnSbJ0xDRu0uVgtak="
    },
    "http-errors": {
      "version": "1.8.0",
      "resolved": "http://registry.npm.souche-inc.com/http-errors/download/http-errors-1.8.0.tgz",
      "integrity": "sha1-ddG75JfhBE9R5O6ecEpi8o0zZQc=",
      "requires": {
        "depd": "~1.1.2",
        "inherits": "2.0.4",
        "setprototypeof": "1.2.0",
        "statuses": ">= 1.5.0 < 2",
        "toidentifier": "1.0.0"
      }
    },
    "inherits": {
      "version": "2.0.4",
      "resolved": "http://registry.npm.souche-inc.com/inherits/download/inherits-2.0.4.tgz",
      "integrity": "sha1-D6LGT5MpF8NDOg3tVTY6rjdBa3w="
    },
    "multiparty": {
      "version": "4.2.2",
      "resolved": "http://registry.npm.souche-inc.com/multiparty/download/multiparty-4.2.2.tgz",
      "integrity": "sha1-vuX7VzckdijTnatJef/W1Xv2DvY=",
      "requires": {
        "http-errors": "~1.8.0",
        "safe-buffer": "5.2.1",
        "uid-safe": "2.1.5"
      }
    },
    "random-bytes": {
      "version": "1.0.0",
      "resolved": "http://registry.npm.souche-inc.com/random-bytes/download/random-bytes-1.0.0.tgz",
      "integrity": "sha1-T2ih3Arli9P7lYSMMDJNt11kNgs="
    },
    "safe-buffer": {
      "version": "5.2.1",
      "resolved": "http://registry.npm.souche-inc.com/safe-buffer/download/safe-buffer-5.2.1.tgz",
      "integrity": "sha1-Hq+fqb2x/dTsdfWPnNtOa3gn7sY="
    },
    "setprototypeof": {
      "version": "1.2.0",
      "resolved": "http://registry.npm.souche-inc.com/setprototypeof/download/setprototypeof-1.2.0.tgz",
      "integrity": "sha1-ZsmiSnP5/CjL5msJ/tPTPcrxtCQ="
    },
    "statuses": {
      "version": "1.5.0",
      "resolved": "http://registry.npm.souche-inc.com/statuses/download/statuses-1.5.0.tgz",
      "integrity": "sha1-Fhx9rBd2Wf2YEfQ3cfqZOBR4Yow="
    },
    "toidentifier": {
      "version": "1.0.0",
      "resolved": "http://registry.npm.souche-inc.com/toidentifier/download/toidentifier-1.0.0.tgz",
      "integrity": "sha1-fhvjRw8ed5SLxD2Uo8j013UrpVM="
    },
    "uid-safe": {
      "version": "2.1.5",
      "resolved": "http://registry.npm.souche-inc.com/uid-safe/download/uid-safe-2.1.5.tgz",
      "integrity": "sha1-Kz1cckDo/C5Y+Komnl7knAhXvTo=",
      "requires": {
        "random-bytes": "~1.0.0"
      }
    }
  }
}
